
Microsoft Visual Studio Solution File, Format Version 12.00
# Visual Studio Version 17
VisualStudioVersion = 17.13.35617.110 d17.13
MinimumVisualStudioVersion = 10.0.40219.1
Project("{8BC9CEB8-8B4A-11D0-8D11-00A0C91BC942}") = "TowerDefence", "TowerDefence\TowerDefence.vcxproj", "{3C3F4232-AA90-4C5A-9DF7-5B1EA97C5B7E}"
EndProject
Project("{8BC9CEB8-8B4A-11D0-8D11-00A0C91BC942}") = "Demo", "Demo\Demo.vcxproj", "{908BE587-DF18-4E40-A75E-270BB2314D66}"
EndProject
Global
	GlobalSection(SolutionConfigurationPlatforms) = preSolution
		Debug|x64 = Debug|x64
		Debug|x86 = Debug|x86
		Release|x64 = Release|x64
		Release|x86 = Release|x86
	EndGlobalSection
	GlobalSection(ProjectConfigurationPlatforms) = postSolution
		{3C3F4232-AA90-4C5A-9DF7-5B1EA97C5B7E}.Debug|x64.ActiveCfg = Debug|x64
		{3C3F4232-AA90-4C5A-9DF7-5B1EA97C5B7E}.Debug|x64.Build.0 = Debug|x64
		{3C3F4232-AA90-4C5A-9DF7-5B1EA97C5B7E}.Debug|x86.ActiveCfg = Debug|Win32
		{3C3F4232-AA90-4C5A-9DF7-5B1EA97C5B7E}.Debug|x86.Build.0 = Debug|Win32
		{3C3F4232-AA90-4C5A-9DF7-5B1EA97C5B7E}.Release|x64.ActiveCfg = Release|x64
		{3C3F4232-AA90-4C5A-9DF7-5B1EA97C5B7E}.Release|x64.Build.0 = Release|x64
		{3C3F4232-AA90-4C5A-9DF7-5B1EA97C5B7E}.Release|x86.ActiveCfg = Release|Win32
		{3C3F4232-AA90-4C5A-9DF7-5B1EA97C5B7E}.Release|x86.Build.0 = Release|Win32
		{908BE587-DF18-4E40-A75E-270BB2314D66}.Debug|x64.ActiveCfg = Debug|x64
		{908BE587-DF18-4E40-A75E-270BB2314D66}.Debug|x64.Build.0 = Debug|x64
		{908BE587-DF18-4E40-A75E-270BB2314D66}.Debug|x86.ActiveCfg = Debug|Win32
		{908BE587-DF18-4E40-A75E-270BB2314D66}.Debug|x86.Build.0 = Debug|Win32
		{908BE587-DF18-4E40-A75E-270BB2314D66}.Release|x64.ActiveCfg = Release|x64
		{908BE587-DF18-4E40-A75E-270BB2314D66}.Release|x64.Build.0 = Release|x64
		{908BE587-DF18-4E40-A75E-270BB2314D66}.Release|x86.ActiveCfg = Release|Win32
		{908BE587-DF18-4E40-A75E-270BB2314D66}.Release|x86.Build.0 = Release|Win32
	EndGlobalSection
	GlobalSection(SolutionProperties) = preSolution
		HideSolutionNode = FALSE
	EndGlobalSection
	GlobalSection(ExtensibilityGlobals) = postSolution
		SolutionGuid = {65E2749D-0391-4ADD-BEC0-55DB73CEC2BA}
	EndGlobalSection
EndGlobal
