<?xml version="1.0" encoding="utf-8"?>
<Project ToolsVersion="4.0" xmlns="http://schemas.microsoft.com/developer/msbuild/2003">
  <ItemGroup>
    <Filter Include="源文件">
      <UniqueIdentifier>{4FC737F1-C7A5-4376-A066-2A32D752A2FF}</UniqueIdentifier>
      <Extensions>cpp;c;cc;cxx;c++;cppm;ixx;def;odl;idl;hpj;bat;asm;asmx</Extensions>
    </Filter>
    <Filter Include="头文件">
      <UniqueIdentifier>{93995380-89BD-4b04-88EB-625FBE52EBFB}</UniqueIdentifier>
      <Extensions>h;hh;hpp;hxx;h++;hm;inl;inc;ipp;xsd</Extensions>
    </Filter>
    <Filter Include="源文件\cJSON">
      <UniqueIdentifier>{066db782-da3b-46bb-a7b1-44520d3cc829}</UniqueIdentifier>
    </Filter>
    <Filter Include="头文件\basic">
      <UniqueIdentifier>{23785a8e-9afa-4a5d-9e54-8c0e2fa9f524}</UniqueIdentifier>
    </Filter>
    <Filter Include="头文件\bullet">
      <UniqueIdentifier>{a7787ec4-6606-4c99-bee7-978b70be0114}</UniqueIdentifier>
    </Filter>
    <Filter Include="头文件\enemy">
      <UniqueIdentifier>{6c1ae8e3-e308-4d29-9b78-204c1528be71}</UniqueIdentifier>
    </Filter>
    <Filter Include="头文件\manager">
      <UniqueIdentifier>{fafebfb9-de97-4dbc-9cf4-8285c570003b}</UniqueIdentifier>
    </Filter>
    <Filter Include="头文件\util">
      <UniqueIdentifier>{78e39bac-2e32-4b9b-b0c2-b995ce573a21}</UniqueIdentifier>
    </Filter>
    <Filter Include="头文件\tower">
      <UniqueIdentifier>{bf899b34-abe6-4804-a5db-59c1b770b258}</UniqueIdentifier>
    </Filter>
    <Filter Include="头文件\ui">
      <UniqueIdentifier>{5d77df4f-4813-4c97-ab76-4d01abd7be09}</UniqueIdentifier>
    </Filter>
    <Filter Include="头文件\ui\panel">
      <UniqueIdentifier>{44b1a74e-8ad6-4bc6-8084-cd828707fb7f}</UniqueIdentifier>
    </Filter>
  </ItemGroup>
  <ItemGroup>
    <ClCompile Include="main.cpp">
      <Filter>源文件</Filter>
    </ClCompile>
    <ClCompile Include="..\third_party\cJSON\cJSON.c">
      <Filter>源文件\cJSON</Filter>
    </ClCompile>
  </ItemGroup>
  <ItemGroup>
    <ClInclude Include="basic\coin_prop.hpp">
      <Filter>头文件\basic</Filter>
    </ClInclude>
    <ClInclude Include="basic\facing.hpp">
      <Filter>头文件\basic</Filter>
    </ClInclude>
    <ClInclude Include="basic\map.hpp">
      <Filter>头文件\basic</Filter>
    </ClInclude>
    <ClInclude Include="basic\route.hpp">
      <Filter>头文件\basic</Filter>
    </ClInclude>
    <ClInclude Include="basic\tile.hpp">
      <Filter>头文件\basic</Filter>
    </ClInclude>
    <ClInclude Include="basic\wave.hpp">
      <Filter>头文件\basic</Filter>
    </ClInclude>
    <ClInclude Include="bullet\arrow_bullet.hpp">
      <Filter>头文件\bullet</Filter>
    </ClInclude>
    <ClInclude Include="bullet\axe_bullet.hpp">
      <Filter>头文件\bullet</Filter>
    </ClInclude>
    <ClInclude Include="bullet\bullet.hpp">
      <Filter>头文件\bullet</Filter>
    </ClInclude>
    <ClInclude Include="bullet\bullet_type.hpp">
      <Filter>头文件\bullet</Filter>
    </ClInclude>
    <ClInclude Include="bullet\shell_bullet.hpp">
      <Filter>头文件\bullet</Filter>
    </ClInclude>
    <ClInclude Include="enemy\enemy.hpp">
      <Filter>头文件\enemy</Filter>
    </ClInclude>
    <ClInclude Include="enemy\enemy_type.hpp">
      <Filter>头文件\enemy</Filter>
    </ClInclude>
    <ClInclude Include="enemy\goblin_enemy.hpp">
      <Filter>头文件\enemy</Filter>
    </ClInclude>
    <ClInclude Include="enemy\goblin_priest_enemy.hpp">
      <Filter>头文件\enemy</Filter>
    </ClInclude>
    <ClInclude Include="enemy\king_slime_enemy.hpp">
      <Filter>头文件\enemy</Filter>
    </ClInclude>
    <ClInclude Include="enemy\skeleton_enemy.hpp">
      <Filter>头文件\enemy</Filter>
    </ClInclude>
    <ClInclude Include="enemy\slime_enemy.hpp">
      <Filter>头文件\enemy</Filter>
    </ClInclude>
    <ClInclude Include="manager\bullet_manager.hpp">
      <Filter>头文件\manager</Filter>
    </ClInclude>
    <ClInclude Include="manager\coin_manager.hpp">
      <Filter>头文件\manager</Filter>
    </ClInclude>
    <ClInclude Include="manager\config_manager.hpp">
      <Filter>头文件\manager</Filter>
    </ClInclude>
    <ClInclude Include="manager\enemy_manager.hpp">
      <Filter>头文件\manager</Filter>
    </ClInclude>
    <ClInclude Include="manager\game_manager.hpp">
      <Filter>头文件\manager</Filter>
    </ClInclude>
    <ClInclude Include="manager\home_manager.hpp">
      <Filter>头文件\manager</Filter>
    </ClInclude>
    <ClInclude Include="manager\manager.hpp">
      <Filter>头文件\manager</Filter>
    </ClInclude>
    <ClInclude Include="manager\resource_manager.hpp">
      <Filter>头文件\manager</Filter>
    </ClInclude>
    <ClInclude Include="manager\tower_manager.hpp">
      <Filter>头文件\manager</Filter>
    </ClInclude>
    <ClInclude Include="manager\wave_manager.hpp">
      <Filter>头文件\manager</Filter>
    </ClInclude>
    <ClInclude Include="util\animation.hpp">
      <Filter>头文件\util</Filter>
    </ClInclude>
    <ClInclude Include="util\timer.hpp">
      <Filter>头文件\util</Filter>
    </ClInclude>
    <ClInclude Include="util\vector2.hpp">
      <Filter>头文件\util</Filter>
    </ClInclude>
    <ClInclude Include="tower\archer_tower.hpp">
      <Filter>头文件\tower</Filter>
    </ClInclude>
    <ClInclude Include="tower\axeman_tower.hpp">
      <Filter>头文件\tower</Filter>
    </ClInclude>
    <ClInclude Include="tower\gunner_tower.hpp">
      <Filter>头文件\tower</Filter>
    </ClInclude>
    <ClInclude Include="tower\tower.hpp">
      <Filter>头文件\tower</Filter>
    </ClInclude>
    <ClInclude Include="tower\tower_type.hpp">
      <Filter>头文件\tower</Filter>
    </ClInclude>
    <ClInclude Include="ui\status_bar.hpp">
      <Filter>头文件\ui</Filter>
    </ClInclude>
    <ClInclude Include="ui\panel\panel.hpp">
      <Filter>头文件\ui\panel</Filter>
    </ClInclude>
    <ClInclude Include="ui\panel\place_panel.hpp">
      <Filter>头文件\ui\panel</Filter>
    </ClInclude>
    <ClInclude Include="ui\panel\upgrade_panel.hpp">
      <Filter>头文件\ui\panel</Filter>
    </ClInclude>
    <ClInclude Include="manager\player_manager.hpp">
      <Filter>头文件\manager</Filter>
    </ClInclude>
  </ItemGroup>
</Project>