<?xml version="1.0" encoding="utf-8"?>
<Project ToolsVersion="4.0" xmlns="http://schemas.microsoft.com/developer/msbuild/2003">
  <ItemGroup>
    <Filter Include="源文件">
      <UniqueIdentifier>{4FC737F1-C7A5-4376-A066-2A32D752A2FF}</UniqueIdentifier>
      <Extensions>cpp;c;cc;cxx;c++;cppm;ixx;def;odl;idl;hpj;bat;asm;asmx</Extensions>
    </Filter>
    <Filter Include="头文件">
      <UniqueIdentifier>{93995380-89BD-4b04-88EB-625FBE52EBFB}</UniqueIdentifier>
      <Extensions>h;hh;hpp;hxx;h++;hm;inl;inc;ipp;xsd</Extensions>
    </Filter>
    <Filter Include="源文件\cJSON">
      <UniqueIdentifier>{066db782-da3b-46bb-a7b1-44520d3cc829}</UniqueIdentifier>
    </Filter>
    <Filter Include="头文件\enemy">
      <UniqueIdentifier>{a058cd16-97ba-49ee-932d-e2a0c7c87d55}</UniqueIdentifier>
    </Filter>
    <Filter Include="头文件\manager">
      <UniqueIdentifier>{c2070b51-583f-4623-8355-b139e6acdaea}</UniqueIdentifier>
    </Filter>
    <Filter Include="头文件\bullet">
      <UniqueIdentifier>{4f1d667b-a6a4-4f8c-8ad6-61ea5dd18011}</UniqueIdentifier>
    </Filter>
    <Filter Include="头文件\tower">
      <UniqueIdentifier>{952ab9f4-327a-478d-8766-1bb09654292b}</UniqueIdentifier>
    </Filter>
    <Filter Include="头文件\util">
      <UniqueIdentifier>{e6352c7d-0424-42d0-a1de-8bd78e343409}</UniqueIdentifier>
    </Filter>
    <Filter Include="头文件\basic">
      <UniqueIdentifier>{23785a8e-9afa-4a5d-9e54-8c0e2fa9f524}</UniqueIdentifier>
    </Filter>
  </ItemGroup>
  <ItemGroup>
    <ClCompile Include="main.cpp">
      <Filter>源文件</Filter>
    </ClCompile>
    <ClCompile Include="..\third_party\cJSON\cJSON.c">
      <Filter>源文件\cJSON</Filter>
    </ClCompile>
  </ItemGroup>
  <ItemGroup>
    <ClInclude Include="game_manager.hpp">
      <Filter>头文件\manager</Filter>
    </ClInclude>
    <ClInclude Include="config_manager.hpp">
      <Filter>头文件\manager</Filter>
    </ClInclude>
    <ClInclude Include="resource_manager.hpp">
      <Filter>头文件\manager</Filter>
    </ClInclude>
    <ClInclude Include="manager.hpp">
      <Filter>头文件\manager</Filter>
    </ClInclude>
    <ClInclude Include="enemy_type.hpp">
      <Filter>头文件\enemy</Filter>
    </ClInclude>
    <ClInclude Include="enemy.hpp">
      <Filter>头文件\enemy</Filter>
    </ClInclude>
    <ClInclude Include="slime_enemy.hpp">
      <Filter>头文件\enemy</Filter>
    </ClInclude>
    <ClInclude Include="king_slime_enemy.hpp">
      <Filter>头文件\enemy</Filter>
    </ClInclude>
    <ClInclude Include="skeleton_enemy.hpp">
      <Filter>头文件\enemy</Filter>
    </ClInclude>
    <ClInclude Include="goblin_enemy.hpp">
      <Filter>头文件\enemy</Filter>
    </ClInclude>
    <ClInclude Include="goblin_priest_enemy.hpp">
      <Filter>头文件\enemy</Filter>
    </ClInclude>
    <ClInclude Include="enemy_manager.hpp">
      <Filter>头文件\manager</Filter>
    </ClInclude>
    <ClInclude Include="home_manager.hpp">
      <Filter>头文件\manager</Filter>
    </ClInclude>
    <ClInclude Include="wave_manager.hpp">
      <Filter>头文件\manager</Filter>
    </ClInclude>
    <ClInclude Include="coin_manager.hpp">
      <Filter>头文件\manager</Filter>
    </ClInclude>
    <ClInclude Include="bullet.hpp">
      <Filter>头文件\bullet</Filter>
    </ClInclude>
    <ClInclude Include="arrow_bullet.hpp">
      <Filter>头文件\bullet</Filter>
    </ClInclude>
    <ClInclude Include="axe_bullet.hpp">
      <Filter>头文件\bullet</Filter>
    </ClInclude>
    <ClInclude Include="shell_bullet.hpp">
      <Filter>头文件\bullet</Filter>
    </ClInclude>
    <ClInclude Include="tower.hpp">
      <Filter>头文件\tower</Filter>
    </ClInclude>
    <ClInclude Include="tower_type.hpp">
      <Filter>头文件\tower</Filter>
    </ClInclude>
    <ClInclude Include="bullet_manager.hpp">
      <Filter>头文件\manager</Filter>
    </ClInclude>
    <ClInclude Include="bullet_type.hpp">
      <Filter>头文件\bullet</Filter>
    </ClInclude>
    <ClInclude Include="archer_tower.hpp">
      <Filter>头文件\tower</Filter>
    </ClInclude>
    <ClInclude Include="axeman_tower.hpp">
      <Filter>头文件\tower</Filter>
    </ClInclude>
    <ClInclude Include="gunner_tower.hpp">
      <Filter>头文件\tower</Filter>
    </ClInclude>
    <ClInclude Include="tower_manager.hpp">
      <Filter>头文件\manager</Filter>
    </ClInclude>
    <ClInclude Include="vector2.hpp">
      <Filter>头文件\util</Filter>
    </ClInclude>
    <ClInclude Include="timer.hpp">
      <Filter>头文件\util</Filter>
    </ClInclude>
    <ClInclude Include="animation.hpp">
      <Filter>头文件\util</Filter>
    </ClInclude>
    <ClInclude Include="facing.hpp">
      <Filter>头文件\basic</Filter>
    </ClInclude>
    <ClInclude Include="map.hpp">
      <Filter>头文件\basic</Filter>
    </ClInclude>
    <ClInclude Include="tile.hpp">
      <Filter>头文件\basic</Filter>
    </ClInclude>
    <ClInclude Include="route.hpp">
      <Filter>头文件\basic</Filter>
    </ClInclude>
    <ClInclude Include="wave.hpp">
      <Filter>头文件\basic</Filter>
    </ClInclude>
    <ClInclude Include="coin_prop.hpp">
      <Filter>头文件\basic</Filter>
    </ClInclude>
  </ItemGroup>
</Project>