<?xml version="1.0" encoding="utf-8"?>
<Project ToolsVersion="4.0" xmlns="http://schemas.microsoft.com/developer/msbuild/2003">
  <ItemGroup>
    <Filter Include="源文件">
      <UniqueIdentifier>{4FC737F1-C7A5-4376-A066-2A32D752A2FF}</UniqueIdentifier>
      <Extensions>cpp;c;cc;cxx;c++;cppm;ixx;def;odl;idl;hpj;bat;asm;asmx</Extensions>
    </Filter>
    <Filter Include="头文件">
      <UniqueIdentifier>{93995380-89BD-4b04-88EB-625FBE52EBFB}</UniqueIdentifier>
      <Extensions>h;hh;hpp;hxx;h++;hm;inl;inc;ipp;xsd</Extensions>
    </Filter>
    <Filter Include="源文件\cJSON">
      <UniqueIdentifier>{066db782-da3b-46bb-a7b1-44520d3cc829}</UniqueIdentifier>
    </Filter>
    <Filter Include="头文件\enemy">
      <UniqueIdentifier>{a058cd16-97ba-49ee-932d-e2a0c7c87d55}</UniqueIdentifier>
    </Filter>
    <Filter Include="头文件\manager">
      <UniqueIdentifier>{c2070b51-583f-4623-8355-b139e6acdaea}</UniqueIdentifier>
    </Filter>
  </ItemGroup>
  <ItemGroup>
    <ClCompile Include="main.cpp">
      <Filter>源文件</Filter>
    </ClCompile>
    <ClCompile Include="..\third_party\cJSON\cJSON.c">
      <Filter>源文件\cJSON</Filter>
    </ClCompile>
  </ItemGroup>
  <ItemGroup>
    <ClInclude Include="game_manager.hpp">
      <Filter>头文件\manager</Filter>
    </ClInclude>
    <ClInclude Include="config_manager.hpp">
      <Filter>头文件\manager</Filter>
    </ClInclude>
    <ClInclude Include="resource_manager.hpp">
      <Filter>头文件\manager</Filter>
    </ClInclude>
    <ClInclude Include="manager.h">
      <Filter>头文件\manager</Filter>
    </ClInclude>
    <ClInclude Include="animation.hpp">
      <Filter>头文件</Filter>
    </ClInclude>
    <ClInclude Include="map.hpp">
      <Filter>头文件</Filter>
    </ClInclude>
    <ClInclude Include="route.hpp">
      <Filter>头文件</Filter>
    </ClInclude>
    <ClInclude Include="tile.h">
      <Filter>头文件</Filter>
    </ClInclude>
    <ClInclude Include="timer.hpp">
      <Filter>头文件</Filter>
    </ClInclude>
    <ClInclude Include="wave.h">
      <Filter>头文件</Filter>
    </ClInclude>
    <ClInclude Include="vector2.hpp">
      <Filter>头文件</Filter>
    </ClInclude>
    <ClInclude Include="enemy_type.h">
      <Filter>头文件\enemy</Filter>
    </ClInclude>
    <ClInclude Include="enemy.hpp">
      <Filter>头文件\enemy</Filter>
    </ClInclude>
    <ClInclude Include="slime_enemy.h">
      <Filter>头文件\enemy</Filter>
    </ClInclude>
    <ClInclude Include="king_slime_enemy.h">
      <Filter>头文件\enemy</Filter>
    </ClInclude>
    <ClInclude Include="skeleton_enemy.h">
      <Filter>头文件\enemy</Filter>
    </ClInclude>
    <ClInclude Include="goblin_enemy.h">
      <Filter>头文件\enemy</Filter>
    </ClInclude>
    <ClInclude Include="goblin_priest_enemy.h">
      <Filter>头文件\enemy</Filter>
    </ClInclude>
  </ItemGroup>
</Project>